
Microsoft Visual Studio Solution File, Format Version 12.00
# Visual Studio Version 16
VisualStudioVersion = 16.0.32106.194
MinimumVisualStudioVersion = 10.0.40219.1
Project("{FAE04EC0-301F-11D3-BF4B-00C04F79EFBC}") = "HomeWork.04.05.22", "HomeWork.04.05.22\HomeWork.04.05.22.csproj", "{BBDBACC5-0971-4520-A773-8808B9D44444}"
EndProject
Global
	GlobalSection(SolutionConfigurationPlatforms) = preSolution
		Debug|Any CPU = Debug|Any CPU
		Release|Any CPU = Release|Any CPU
	EndGlobalSection
	GlobalSection(ProjectConfigurationPlatforms) = postSolution
		{BBDBACC5-0971-4520-A773-8808B9D44444}.Debug|Any CPU.ActiveCfg = Debug|Any CPU
		{BBDBACC5-0971-4520-A773-8808B9D44444}.Debug|Any CPU.Build.0 = Debug|Any CPU
		{BBDBACC5-0971-4520-A773-8808B9D44444}.Release|Any CPU.ActiveCfg = Release|Any CPU
		{BBDBACC5-0971-4520-A773-8808B9D44444}.Release|Any CPU.Build.0 = Release|Any CPU
	EndGlobalSection
	GlobalSection(SolutionProperties) = preSolution
		HideSolutionNode = FALSE
	EndGlobalSection
	GlobalSection(ExtensibilityGlobals) = postSolution
		SolutionGuid = {3D88FBA8-8B04-4B9B-A336-4BA4BDA2FDBA}
	EndGlobalSection
EndGlobal
